# generated by rye
# use `rye lock` or `rye sync` to update this lockfile
#
# last locked with the following flags:
#   pre: false
#   features: []
#   all-features: false
#   with-sources: false

-e file:type-enum
-e file:type-enum-plugin
mypy==1.8.0
    # via type-enum-plugin
mypy-extensions==1.0.0
    # via mypy
typing-extensions==4.9.0
    # via mypy
